
Microsoft Visual Studio Solution File, Format Version 12.00
# Visual Studio Version 17
VisualStudioVersion = 17.13.35919.96 d17.13
MinimumVisualStudioVersion = 10.0.40219.1
Project("{FAE04EC0-301F-11D3-BF4B-00C04F79EFBC}") = "CoravelMonitoring", "CoravelMonitoring\CoravelMonitoring.csproj", "{36C969F8-A343-409F-880D-DFAC9FE067AD}"
EndProject
Global
	GlobalSection(SolutionConfigurationPlatforms) = preSolution
		Debug|Any CPU = Debug|Any CPU
		Release|Any CPU = Release|Any CPU
	EndGlobalSection
	GlobalSection(ProjectConfigurationPlatforms) = postSolution
		{36C969F8-A343-409F-880D-DFAC9FE067AD}.Debug|Any CPU.ActiveCfg = Debug|Any CPU
		{36C969F8-A343-409F-880D-DFAC9FE067AD}.Debug|Any CPU.Build.0 = Debug|Any CPU
		{36C969F8-A343-409F-880D-DFAC9FE067AD}.Release|Any CPU.ActiveCfg = Release|Any CPU
		{36C969F8-A343-409F-880D-DFAC9FE067AD}.Release|Any CPU.Build.0 = Release|Any CPU
	EndGlobalSection
	GlobalSection(SolutionProperties) = preSolution
		HideSolutionNode = FALSE
	EndGlobalSection
	GlobalSection(ExtensibilityGlobals) = postSolution
		SolutionGuid = {F10B9630-E2D1-400C-93AE-DD37DD144423}
	EndGlobalSection
EndGlobal
